%{"cowboy": {:hex, :cowboy, "1.0.4"},
  "cowlib": {:hex, :cowlib, "1.0.2"},
  "gen_stage": {:hex, :gen_stage, "0.5.0", "758068f3a81286e342a609d668e9624714c2e4d43cc26699ead04d1680fde6c6", [:mix], []},
  "gettext": {:hex, :gettext, "0.11.0", "80c1dd42d270482418fa158ec5ba073d2980e3718bacad86f3d4ad71d5667679", [:mix], []},
  "gproc": {:hex, :gproc, "0.6.1"},
  "mime": {:hex, :mime, "1.0.1"},
  "phoenix": {:hex, :phoenix, "1.2.1"},
  "phoenix_pubsub": {:hex, :phoenix_pubsub, "1.0.0"},
  "plug": {:hex, :plug, "1.2.0"},
  "poison": {:hex, :poison, "2.2.0"},
  "ranch": {:hex, :ranch, "1.2.1"},
  "uuid": {:hex, :uuid, "1.1.4"}}
